{
  "name": "consent-node",
  "version": "1.0.0",
  "lockfileVersion": 3,
  "requires": true,
  "packages": {
    "": {
      "name": "consent-node",
      "version": "1.0.0",
      "license": "ISC",
      "dependencies": {
        "@privacybydesign/yivi-frontend": "^0.1.3"
      }
    },
    "node_modules/@privacybydesign/yivi-frontend": {
      "version": "0.1.3",
      "resolved": "https://registry.npmjs.org/@privacybydesign/yivi-frontend/-/yivi-frontend-0.1.3.tgz",
      "integrity": "sha512-cT6JRbli8HaTVB2z0Tmvrd0ln2ByHbcpTNHnOCbvl0SeLXfBGGIOUMpV+HwIg5xMuznMaonjA0572v7tL8Wc9w=="
    }
  }
}
